
Microsoft Visual Studio Solution File, Format Version 12.00
# Visual Studio Version 17
VisualStudioVersion = 17.14.36705.20
MinimumVisualStudioVersion = 10.0.40219.1
Project("{FAE04EC0-301F-11D3-BF4B-00C04F79EFBC}") = "ReservationSystem.Core", "ReservationSystem.Core\ReservationSystem.Core.csproj", "{59DDA488-ACC4-42ED-9151-3161C14DAEF4}"
EndProject
Project("{FAE04EC0-301F-11D3-BF4B-00C04F79EFBC}") = "ReservationSystem.Infra", "ReservationSystem.Infra\ReservationSystem.Infra.csproj", "{3F092CF8-48CF-45A9-9999-3A15FBA377EF}"
EndProject
Project("{FAE04EC0-301F-11D3-BF4B-00C04F79EFBC}") = "ReservationSystem.API", "ReservationSystem.API\ReservationSystem.API.csproj", "{45B9F8D3-0427-4846-8B34-2B3E0353894F}"
EndProject
Project("{FAE04EC0-301F-11D3-BF4B-00C04F79EFBC}") = "ReservationSystem.UI", "ReservationSystem.UI\ReservationSystem.UI.csproj", "{C535C665-DAC2-4426-AF3D-1194A59E9564}"
EndProject
Global
	GlobalSection(SolutionConfigurationPlatforms) = preSolution
		Debug|Any CPU = Debug|Any CPU
		Release|Any CPU = Release|Any CPU
	EndGlobalSection
	GlobalSection(ProjectConfigurationPlatforms) = postSolution
		{59DDA488-ACC4-42ED-9151-3161C14DAEF4}.Debug|Any CPU.ActiveCfg = Debug|Any CPU
		{59DDA488-ACC4-42ED-9151-3161C14DAEF4}.Debug|Any CPU.Build.0 = Debug|Any CPU
		{59DDA488-ACC4-42ED-9151-3161C14DAEF4}.Release|Any CPU.ActiveCfg = Release|Any CPU
		{59DDA488-ACC4-42ED-9151-3161C14DAEF4}.Release|Any CPU.Build.0 = Release|Any CPU
		{3F092CF8-48CF-45A9-9999-3A15FBA377EF}.Debug|Any CPU.ActiveCfg = Debug|Any CPU
		{3F092CF8-48CF-45A9-9999-3A15FBA377EF}.Debug|Any CPU.Build.0 = Debug|Any CPU
		{3F092CF8-48CF-45A9-9999-3A15FBA377EF}.Release|Any CPU.ActiveCfg = Release|Any CPU
		{3F092CF8-48CF-45A9-9999-3A15FBA377EF}.Release|Any CPU.Build.0 = Release|Any CPU
		{45B9F8D3-0427-4846-8B34-2B3E0353894F}.Debug|Any CPU.ActiveCfg = Debug|Any CPU
		{45B9F8D3-0427-4846-8B34-2B3E0353894F}.Debug|Any CPU.Build.0 = Debug|Any CPU
		{45B9F8D3-0427-4846-8B34-2B3E0353894F}.Release|Any CPU.ActiveCfg = Release|Any CPU
		{45B9F8D3-0427-4846-8B34-2B3E0353894F}.Release|Any CPU.Build.0 = Release|Any CPU
		{C535C665-DAC2-4426-AF3D-1194A59E9564}.Debug|Any CPU.ActiveCfg = Debug|Any CPU
		{C535C665-DAC2-4426-AF3D-1194A59E9564}.Debug|Any CPU.Build.0 = Debug|Any CPU
		{C535C665-DAC2-4426-AF3D-1194A59E9564}.Release|Any CPU.ActiveCfg = Release|Any CPU
		{C535C665-DAC2-4426-AF3D-1194A59E9564}.Release|Any CPU.Build.0 = Release|Any CPU
	EndGlobalSection
	GlobalSection(SolutionProperties) = preSolution
		HideSolutionNode = FALSE
	EndGlobalSection
	GlobalSection(ExtensibilityGlobals) = postSolution
		SolutionGuid = {65CA7422-737D-4D85-9563-46398B1C244A}
	EndGlobalSection
EndGlobal
